// !$*UTF8*$!
{
	archiveVersion = 1;
	classes = {
	};
	objectVersion = 56;
	objects = {

/* Begin PBXBuildFile section */
		6C8B4CCE2A7B5F9E00FF61C2 /* AudioEffectPlayer.swift in Sources */ = {isa = PBXBuildFile; fileRef = 6C8B4CCB2A7B5F9E00FF61C2 /* AudioEffectPlayer.swift */; };
		6C8B4CCF2A7B5F9E00FF61C2 /* BackScene.swift in Sources */ = {isa = PBXBuildFile; fileRef = 6C8B4CCC2A7B5F9E00FF61C2 /* BackScene.swift */; };
		6C8B4CD02A7B5F9E00FF61C2 /* Cheat.swift in Sources */ = {isa = PBXBuildFile; fileRef = 6C8B4CCD2A7B5F9E00FF61C2 /* Cheat.swift */; };
		6C8B4CDA2A7B5FA800FF61C2 /* EndScene.swift in Sources */ = {isa = PBXBuildFile; fileRef = 6C8B4CD12A7B5FA800FF61C2 /* EndScene.swift */; };
		6C8B4CDB2A7B5FA800FF61C2 /* GameView.swift in Sources */ = {isa = PBXBuildFile; fileRef = 6C8B4CD22A7B5FA800FF61C2 /* GameView.swift */; };
		6C8B4CDC2A7B5FA800FF61C2 /* Market.swift in Sources */ = {isa = PBXBuildFile; fileRef = 6C8B4CD32A7B5FA800FF61C2 /* Market.swift */; };
		6C8B4CDD2A7B5FA800FF61C2 /* MemoryFinder.swift in Sources */ = {isa = PBXBuildFile; fileRef = 6C8B4CD42A7B5FA800FF61C2 /* MemoryFinder.swift */; };
		6C8B4CDE2A7B5FA800FF61C2 /* MemorySceneStatus.swift in Sources */ = {isa = PBXBuildFile; fileRef = 6C8B4CD52A7B5FA800FF61C2 /* MemorySceneStatus.swift */; };
		6C8B4CDF2A7B5FA800FF61C2 /* GifView.swift in Sources */ = {isa = PBXBuildFile; fileRef = 6C8B4CD62A7B5FA800FF61C2 /* GifView.swift */; };
		6C8B4CE02A7B5FA800FF61C2 /* JsonHelper.swift in Sources */ = {isa = PBXBuildFile; fileRef = 6C8B4CD72A7B5FA800FF61C2 /* JsonHelper.swift */; };
		6C8B4CE12A7B5FA800FF61C2 /* Conversation.swift in Sources */ = {isa = PBXBuildFile; fileRef = 6C8B4CD82A7B5FA800FF61C2 /* Conversation.swift */; };
		6C8B4CE62A7B5FB100FF61C2 /* Welcome.md in Resources */ = {isa = PBXBuildFile; fileRef = 6C8B4CE32A7B5FB100FF61C2 /* Welcome.md */; };
		6C8B4CE72A7B5FB100FF61C2 /* Tip.swift in Sources */ = {isa = PBXBuildFile; fileRef = 6C8B4CE42A7B5FB100FF61C2 /* Tip.swift */; };
		6C8B4CE82A7B5FB100FF61C2 /* Wallet.swift in Sources */ = {isa = PBXBuildFile; fileRef = 6C8B4CE52A7B5FB100FF61C2 /* Wallet.swift */; };
		6C8B4CF92A7B601A00FF61C2 /* market.mp3 in Resources */ = {isa = PBXBuildFile; fileRef = 6C8B4CEA2A7B601A00FF61C2 /* market.mp3 */; };
		6C8B4CFA2A7B601A00FF61C2 /* taxi.json in Resources */ = {isa = PBXBuildFile; fileRef = 6C8B4CEB2A7B601A00FF61C2 /* taxi.json */; };
		6C8B4CFB2A7B601A00FF61C2 /* icon.png in Resources */ = {isa = PBXBuildFile; fileRef = 6C8B4CEC2A7B601A00FF61C2 /* icon.png */; };
		6C8B4CFC2A7B601A00FF61C2 /* title.png in Resources */ = {isa = PBXBuildFile; fileRef = 6C8B4CED2A7B601A00FF61C2 /* title.png */; };
		6C8B4CFD2A7B601A00FF61C2 /* memory.json in Resources */ = {isa = PBXBuildFile; fileRef = 6C8B4CEE2A7B601A00FF61C2 /* memory.json */; };
		6C8B4CFE2A7B601A00FF61C2 /* arcade_tap.mp3 in Resources */ = {isa = PBXBuildFile; fileRef = 6C8B4CEF2A7B601A00FF61C2 /* arcade_tap.mp3 */; };
		6C8B4CFF2A7B601A00FF61C2 /* wallet.json in Resources */ = {isa = PBXBuildFile; fileRef = 6C8B4CF02A7B601A00FF61C2 /* wallet.json */; };
		6C8B4D002A7B601A00FF61C2 /* checkout.json in Resources */ = {isa = PBXBuildFile; fileRef = 6C8B4CF12A7B601A00FF61C2 /* checkout.json */; };
		6C8B4D012A7B601A00FF61C2 /* emma_intro.json in Resources */ = {isa = PBXBuildFile; fileRef = 6C8B4CF22A7B601A00FF61C2 /* emma_intro.json */; };
		6C8B4D022A7B601A00FF61C2 /* arcade_win.mp3 in Resources */ = {isa = PBXBuildFile; fileRef = 6C8B4CF32A7B601A00FF61C2 /* arcade_win.mp3 */; };
		6C8B4D032A7B601A00FF61C2 /* theme.mp3 in Resources */ = {isa = PBXBuildFile; fileRef = 6C8B4CF42A7B601A00FF61C2 /* theme.mp3 */; };
		6C8B4D042A7B601A00FF61C2 /* applepay.mp3 in Resources */ = {isa = PBXBuildFile; fileRef = 6C8B4CF52A7B601A00FF61C2 /* applepay.mp3 */; };
		6C8B4D052A7B601A00FF61C2 /* arcade_lose.mp3 in Resources */ = {isa = PBXBuildFile; fileRef = 6C8B4CF62A7B601A00FF61C2 /* arcade_lose.mp3 */; };
		6C8B4D062A7B601A00FF61C2 /* products.json in Resources */ = {isa = PBXBuildFile; fileRef = 6C8B4CF72A7B601A00FF61C2 /* products.json */; };
		6C8B4D072A7B601A00FF61C2 /* messageSent.mp3 in Resources */ = {isa = PBXBuildFile; fileRef = 6C8B4CF82A7B601A00FF61C2 /* messageSent.mp3 */; };
		6C8B4D092A7B603B00FF61C2 /* Media.xcassets in Resources */ = {isa = PBXBuildFile; fileRef = 6C8B4D082A7B603B00FF61C2 /* Media.xcassets */; };
		6CC6FB6A2A7B5F10002AAD5A /* Remeber_meApp.swift in Sources */ = {isa = PBXBuildFile; fileRef = 6CC6FB692A7B5F10002AAD5A /* Remeber_meApp.swift */; };
		6CC6FB6C2A7B5F10002AAD5A /* ContentView.swift in Sources */ = {isa = PBXBuildFile; fileRef = 6CC6FB6B2A7B5F10002AAD5A /* ContentView.swift */; };
		6CC6FB6E2A7B5F11002AAD5A /* Assets.xcassets in Resources */ = {isa = PBXBuildFile; fileRef = 6CC6FB6D2A7B5F11002AAD5A /* Assets.xcassets */; };
		6CC6FB722A7B5F11002AAD5A /* Preview Assets.xcassets in Resources */ = {isa = PBXBuildFile; fileRef = 6CC6FB712A7B5F11002AAD5A /* Preview Assets.xcassets */; };
/* End PBXBuildFile section */

/* Begin PBXFileReference section */
		6C8B4CCB2A7B5F9E00FF61C2 /* AudioEffectPlayer.swift */ = {isa = PBXFileReference; fileEncoding = 4; lastKnownFileType = sourcecode.swift; path = AudioEffectPlayer.swift; sourceTree = "<group>"; };
		6C8B4CCC2A7B5F9E00FF61C2 /* BackScene.swift */ = {isa = PBXFileReference; fileEncoding = 4; lastKnownFileType = sourcecode.swift; path = BackScene.swift; sourceTree = "<group>"; };
		6C8B4CCD2A7B5F9E00FF61C2 /* Cheat.swift */ = {isa = PBXFileReference; fileEncoding = 4; lastKnownFileType = sourcecode.swift; path = Cheat.swift; sourceTree = "<group>"; };
		6C8B4CD12A7B5FA800FF61C2 /* EndScene.swift */ = {isa = PBXFileReference; fileEncoding = 4; lastKnownFileType = sourcecode.swift; path = EndScene.swift; sourceTree = "<group>"; };
		6C8B4CD22A7B5FA800FF61C2 /* GameView.swift */ = {isa = PBXFileReference; fileEncoding = 4; lastKnownFileType = sourcecode.swift; path = GameView.swift; sourceTree = "<group>"; };
		6C8B4CD32A7B5FA800FF61C2 /* Market.swift */ = {isa = PBXFileReference; fileEncoding = 4; lastKnownFileType = sourcecode.swift; path = Market.swift; sourceTree = "<group>"; };
		6C8B4CD42A7B5FA800FF61C2 /* MemoryFinder.swift */ = {isa = PBXFileReference; fileEncoding = 4; lastKnownFileType = sourcecode.swift; path = MemoryFinder.swift; sourceTree = "<group>"; };
		6C8B4CD52A7B5FA800FF61C2 /* MemorySceneStatus.swift */ = {isa = PBXFileReference; fileEncoding = 4; lastKnownFileType = sourcecode.swift; path = MemorySceneStatus.swift; sourceTree = "<group>"; };
		6C8B4CD62A7B5FA800FF61C2 /* GifView.swift */ = {isa = PBXFileReference; fileEncoding = 4; lastKnownFileType = sourcecode.swift; path = GifView.swift; sourceTree = "<group>"; };
		6C8B4CD72A7B5FA800FF61C2 /* JsonHelper.swift */ = {isa = PBXFileReference; fileEncoding = 4; lastKnownFileType = sourcecode.swift; path = JsonHelper.swift; sourceTree = "<group>"; };
		6C8B4CD82A7B5FA800FF61C2 /* Conversation.swift */ = {isa = PBXFileReference; fileEncoding = 4; lastKnownFileType = sourcecode.swift; path = Conversation.swift; sourceTree = "<group>"; };
		6C8B4CE32A7B5FB100FF61C2 /* Welcome.md */ = {isa = PBXFileReference; fileEncoding = 4; lastKnownFileType = net.daringfireball.markdown; path = Welcome.md; sourceTree = "<group>"; };
		6C8B4CE42A7B5FB100FF61C2 /* Tip.swift */ = {isa = PBXFileReference; fileEncoding = 4; lastKnownFileType = sourcecode.swift; path = Tip.swift; sourceTree = "<group>"; };
		6C8B4CE52A7B5FB100FF61C2 /* Wallet.swift */ = {isa = PBXFileReference; fileEncoding = 4; lastKnownFileType = sourcecode.swift; path = Wallet.swift; sourceTree = "<group>"; };
		6C8B4CEA2A7B601A00FF61C2 /* market.mp3 */ = {isa = PBXFileReference; lastKnownFileType = audio.mp3; path = market.mp3; sourceTree = "<group>"; };
		6C8B4CEB2A7B601A00FF61C2 /* taxi.json */ = {isa = PBXFileReference; fileEncoding = 4; lastKnownFileType = text.json; path = taxi.json; sourceTree = "<group>"; };
		6C8B4CEC2A7B601A00FF61C2 /* icon.png */ = {isa = PBXFileReference; lastKnownFileType = image.png; path = icon.png; sourceTree = "<group>"; };
		6C8B4CED2A7B601A00FF61C2 /* title.png */ = {isa = PBXFileReference; lastKnownFileType = image.png; path = title.png; sourceTree = "<group>"; };
		6C8B4CEE2A7B601A00FF61C2 /* memory.json */ = {isa = PBXFileReference; fileEncoding = 4; lastKnownFileType = text.json; path = memory.json; sourceTree = "<group>"; };
		6C8B4CEF2A7B601A00FF61C2 /* arcade_tap.mp3 */ = {isa = PBXFileReference; lastKnownFileType = audio.mp3; path = arcade_tap.mp3; sourceTree = "<group>"; };
		6C8B4CF02A7B601A00FF61C2 /* wallet.json */ = {isa = PBXFileReference; fileEncoding = 4; lastKnownFileType = text.json; path = wallet.json; sourceTree = "<group>"; };
		6C8B4CF12A7B601A00FF61C2 /* checkout.json */ = {isa = PBXFileReference; fileEncoding = 4; lastKnownFileType = text.json; path = checkout.json; sourceTree = "<group>"; };
		6C8B4CF22A7B601A00FF61C2 /* emma_intro.json */ = {isa = PBXFileReference; fileEncoding = 4; lastKnownFileType = text.json; path = emma_intro.json; sourceTree = "<group>"; };
		6C8B4CF32A7B601A00FF61C2 /* arcade_win.mp3 */ = {isa = PBXFileReference; lastKnownFileType = audio.mp3; path = arcade_win.mp3; sourceTree = "<group>"; };
		6C8B4CF42A7B601A00FF61C2 /* theme.mp3 */ = {isa = PBXFileReference; lastKnownFileType = audio.mp3; path = theme.mp3; sourceTree = "<group>"; };
		6C8B4CF52A7B601A00FF61C2 /* applepay.mp3 */ = {isa = PBXFileReference; lastKnownFileType = audio.mp3; path = applepay.mp3; sourceTree = "<group>"; };
		6C8B4CF62A7B601A00FF61C2 /* arcade_lose.mp3 */ = {isa = PBXFileReference; lastKnownFileType = audio.mp3; path = arcade_lose.mp3; sourceTree = "<group>"; };
		6C8B4CF72A7B601A00FF61C2 /* products.json */ = {isa = PBXFileReference; fileEncoding = 4; lastKnownFileType = text.json; path = products.json; sourceTree = "<group>"; };
		6C8B4CF82A7B601A00FF61C2 /* messageSent.mp3 */ = {isa = PBXFileReference; lastKnownFileType = audio.mp3; path = messageSent.mp3; sourceTree = "<group>"; };
		6C8B4D082A7B603B00FF61C2 /* Media.xcassets */ = {isa = PBXFileReference; lastKnownFileType = folder.assetcatalog; path = Media.xcassets; sourceTree = "<group>"; };
		6CC6FB662A7B5F10002AAD5A /* Remeber me.app */ = {isa = PBXFileReference; explicitFileType = wrapper.application; includeInIndex = 0; path = "Remeber me.app"; sourceTree = BUILT_PRODUCTS_DIR; };
		6CC6FB692A7B5F10002AAD5A /* Remeber_meApp.swift */ = {isa = PBXFileReference; lastKnownFileType = sourcecode.swift; path = Remeber_meApp.swift; sourceTree = "<group>"; };
		6CC6FB6B2A7B5F10002AAD5A /* ContentView.swift */ = {isa = PBXFileReference; lastKnownFileType = sourcecode.swift; path = ContentView.swift; sourceTree = "<group>"; };
		6CC6FB6D2A7B5F11002AAD5A /* Assets.xcassets */ = {isa = PBXFileReference; lastKnownFileType = folder.assetcatalog; path = Assets.xcassets; sourceTree = "<group>"; };
		6CC6FB6F2A7B5F11002AAD5A /* Remeber_me.entitlements */ = {isa = PBXFileReference; lastKnownFileType = text.plist.entitlements; path = Remeber_me.entitlements; sourceTree = "<group>"; };
		6CC6FB712A7B5F11002AAD5A /* Preview Assets.xcassets */ = {isa = PBXFileReference; lastKnownFileType = folder.assetcatalog; path = "Preview Assets.xcassets"; sourceTree = "<group>"; };
/* End PBXFileReference section */

/* Begin PBXFrameworksBuildPhase section */
		6CC6FB632A7B5F10002AAD5A /* Frameworks */ = {
			isa = PBXFrameworksBuildPhase;
			buildActionMask = 2147483647;
			files = (
			);
			runOnlyForDeploymentPostprocessing = 0;
		};
/* End PBXFrameworksBuildPhase section */

/* Begin PBXGroup section */
		6C8B4CE92A7B601A00FF61C2 /* Resources */ = {
			isa = PBXGroup;
			children = (
				6C8B4CEA2A7B601A00FF61C2 /* market.mp3 */,
				6C8B4CEB2A7B601A00FF61C2 /* taxi.json */,
				6C8B4CEC2A7B601A00FF61C2 /* icon.png */,
				6C8B4CED2A7B601A00FF61C2 /* title.png */,
				6C8B4CEE2A7B601A00FF61C2 /* memory.json */,
				6C8B4CEF2A7B601A00FF61C2 /* arcade_tap.mp3 */,
				6C8B4CF02A7B601A00FF61C2 /* wallet.json */,
				6C8B4CF12A7B601A00FF61C2 /* checkout.json */,
				6C8B4CF22A7B601A00FF61C2 /* emma_intro.json */,
				6C8B4CF32A7B601A00FF61C2 /* arcade_win.mp3 */,
				6C8B4CF42A7B601A00FF61C2 /* theme.mp3 */,
				6C8B4CF52A7B601A00FF61C2 /* applepay.mp3 */,
				6C8B4CF62A7B601A00FF61C2 /* arcade_lose.mp3 */,
				6C8B4CF72A7B601A00FF61C2 /* products.json */,
				6C8B4CF82A7B601A00FF61C2 /* messageSent.mp3 */,
			);
			path = Resources;
			sourceTree = "<group>";
		};
		6CC6FB5D2A7B5F10002AAD5A = {
			isa = PBXGroup;
			children = (
				6CC6FB682A7B5F10002AAD5A /* Remeber me */,
				6CC6FB672A7B5F10002AAD5A /* Products */,
			);
			sourceTree = "<group>";
		};
		6CC6FB672A7B5F10002AAD5A /* Products */ = {
			isa = PBXGroup;
			children = (
				6CC6FB662A7B5F10002AAD5A /* Remeber me.app */,
			);
			name = Products;
			sourceTree = "<group>";
		};
		6CC6FB682A7B5F10002AAD5A /* Remeber me */ = {
			isa = PBXGroup;
			children = (
				6CC6FB692A7B5F10002AAD5A /* Remeber_meApp.swift */,
				6C8B4CCB2A7B5F9E00FF61C2 /* AudioEffectPlayer.swift */,
				6C8B4CCC2A7B5F9E00FF61C2 /* BackScene.swift */,
				6C8B4CCD2A7B5F9E00FF61C2 /* Cheat.swift */,
				6CC6FB6B2A7B5F10002AAD5A /* ContentView.swift */,
				6C8B4CD82A7B5FA800FF61C2 /* Conversation.swift */,
				6C8B4CD12A7B5FA800FF61C2 /* EndScene.swift */,
				6C8B4CD22A7B5FA800FF61C2 /* GameView.swift */,
				6C8B4CD62A7B5FA800FF61C2 /* GifView.swift */,
				6C8B4CD72A7B5FA800FF61C2 /* JsonHelper.swift */,
				6C8B4CD32A7B5FA800FF61C2 /* Market.swift */,
				6C8B4CD42A7B5FA800FF61C2 /* MemoryFinder.swift */,
				6C8B4CE42A7B5FB100FF61C2 /* Tip.swift */,
				6C8B4CE52A7B5FB100FF61C2 /* Wallet.swift */,
				6C8B4CE32A7B5FB100FF61C2 /* Welcome.md */,
				6C8B4CD52A7B5FA800FF61C2 /* MemorySceneStatus.swift */,
				6CC6FB6D2A7B5F11002AAD5A /* Assets.xcassets */,
				6C8B4CE92A7B601A00FF61C2 /* Resources */,
				6CC6FB6F2A7B5F11002AAD5A /* Remeber_me.entitlements */,
				6CC6FB702A7B5F11002AAD5A /* Preview Content */,
				6C8B4D082A7B603B00FF61C2 /* Media.xcassets */,
			);
			path = "Remeber me";
			sourceTree = "<group>";
		};
		6CC6FB702A7B5F11002AAD5A /* Preview Content */ = {
			isa = PBXGroup;
			children = (
				6CC6FB712A7B5F11002AAD5A /* Preview Assets.xcassets */,
			);
			path = "Preview Content";
			sourceTree = "<group>";
		};
/* End PBXGroup section */

/* Begin PBXNativeTarget section */
		6CC6FB652A7B5F10002AAD5A /* Remeber me */ = {
			isa = PBXNativeTarget;
			buildConfigurationList = 6CC6FB752A7B5F11002AAD5A /* Build configuration list for PBXNativeTarget "Remeber me" */;
			buildPhases = (
				6CC6FB622A7B5F10002AAD5A /* Sources */,
				6CC6FB632A7B5F10002AAD5A /* Frameworks */,
				6CC6FB642A7B5F10002AAD5A /* Resources */,
			);
			buildRules = (
			);
			dependencies = (
			);
			name = "Remeber me";
			productName = "Remeber me";
			productReference = 6CC6FB662A7B5F10002AAD5A /* Remeber me.app */;
			productType = "com.apple.product-type.application";
		};
/* End PBXNativeTarget section */

/* Begin PBXProject section */
		6CC6FB5E2A7B5F10002AAD5A /* Project object */ = {
			isa = PBXProject;
			attributes = {
				BuildIndependentTargetsInParallel = 1;
				LastSwiftUpdateCheck = 1430;
				LastUpgradeCheck = 1430;
				TargetAttributes = {
					6CC6FB652A7B5F10002AAD5A = {
						CreatedOnToolsVersion = 14.3.1;
					};
				};
			};
			buildConfigurationList = 6CC6FB612A7B5F10002AAD5A /* Build configuration list for PBXProject "Remeber me" */;
			compatibilityVersion = "Xcode 14.0";
			developmentRegion = en;
			hasScannedForEncodings = 0;
			knownRegions = (
				en,
				Base,
			);
			mainGroup = 6CC6FB5D2A7B5F10002AAD5A;
			productRefGroup = 6CC6FB672A7B5F10002AAD5A /* Products */;
			projectDirPath = "";
			projectRoot = "";
			targets = (
				6CC6FB652A7B5F10002AAD5A /* Remeber me */,
			);
		};
/* End PBXProject section */

/* Begin PBXResourcesBuildPhase section */
		6CC6FB642A7B5F10002AAD5A /* Resources */ = {
			isa = PBXResourcesBuildPhase;
			buildActionMask = 2147483647;
			files = (
				6C8B4CF92A7B601A00FF61C2 /* market.mp3 in Resources */,
				6C8B4CFE2A7B601A00FF61C2 /* arcade_tap.mp3 in Resources */,
				6C8B4D062A7B601A00FF61C2 /* products.json in Resources */,
				6CC6FB722A7B5F11002AAD5A /* Preview Assets.xcassets in Resources */,
				6C8B4CFC2A7B601A00FF61C2 /* title.png in Resources */,
				6C8B4CFB2A7B601A00FF61C2 /* icon.png in Resources */,
				6C8B4CFD2A7B601A00FF61C2 /* memory.json in Resources */,
				6C8B4D092A7B603B00FF61C2 /* Media.xcassets in Resources */,
				6C8B4D042A7B601A00FF61C2 /* applepay.mp3 in Resources */,
				6C8B4D072A7B601A00FF61C2 /* messageSent.mp3 in Resources */,
				6C8B4D012A7B601A00FF61C2 /* emma_intro.json in Resources */,
				6C8B4D002A7B601A00FF61C2 /* checkout.json in Resources */,
				6C8B4CFF2A7B601A00FF61C2 /* wallet.json in Resources */,
				6C8B4CFA2A7B601A00FF61C2 /* taxi.json in Resources */,
				6C8B4CE62A7B5FB100FF61C2 /* Welcome.md in Resources */,
				6CC6FB6E2A7B5F11002AAD5A /* Assets.xcassets in Resources */,
				6C8B4D032A7B601A00FF61C2 /* theme.mp3 in Resources */,
				6C8B4D022A7B601A00FF61C2 /* arcade_win.mp3 in Resources */,
				6C8B4D052A7B601A00FF61C2 /* arcade_lose.mp3 in Resources */,
			);
			runOnlyForDeploymentPostprocessing = 0;
		};
/* End PBXResourcesBuildPhase section */

/* Begin PBXSourcesBuildPhase section */
		6CC6FB622A7B5F10002AAD5A /* Sources */ = {
			isa = PBXSourcesBuildPhase;
			buildActionMask = 2147483647;
			files = (
				6C8B4CE82A7B5FB100FF61C2 /* Wallet.swift in Sources */,
				6C8B4CDA2A7B5FA800FF61C2 /* EndScene.swift in Sources */,
				6CC6FB6C2A7B5F10002AAD5A /* ContentView.swift in Sources */,
				6C8B4CD02A7B5F9E00FF61C2 /* Cheat.swift in Sources */,
				6C8B4CDC2A7B5FA800FF61C2 /* Market.swift in Sources */,
				6C8B4CCF2A7B5F9E00FF61C2 /* BackScene.swift in Sources */,
				6C8B4CDE2A7B5FA800FF61C2 /* MemorySceneStatus.swift in Sources */,
				6CC6FB6A2A7B5F10002AAD5A /* Remeber_meApp.swift in Sources */,
				6C8B4CDD2A7B5FA800FF61C2 /* MemoryFinder.swift in Sources */,
				6C8B4CCE2A7B5F9E00FF61C2 /* AudioEffectPlayer.swift in Sources */,
				6C8B4CE02A7B5FA800FF61C2 /* JsonHelper.swift in Sources */,
				6C8B4CDF2A7B5FA800FF61C2 /* GifView.swift in Sources */,
				6C8B4CE72A7B5FB100FF61C2 /* Tip.swift in Sources */,
				6C8B4CDB2A7B5FA800FF61C2 /* GameView.swift in Sources */,
				6C8B4CE12A7B5FA800FF61C2 /* Conversation.swift in Sources */,
			);
			runOnlyForDeploymentPostprocessing = 0;
		};
/* End PBXSourcesBuildPhase section */

/* Begin XCBuildConfiguration section */
		6CC6FB732A7B5F11002AAD5A /* Debug */ = {
			isa = XCBuildConfiguration;
			buildSettings = {
				ALWAYS_SEARCH_USER_PATHS = NO;
				CLANG_ANALYZER_NONNULL = YES;
				CLANG_ANALYZER_NUMBER_OBJECT_CONVERSION = YES_AGGRESSIVE;
				CLANG_CXX_LANGUAGE_STANDARD = "gnu++20";
				CLANG_ENABLE_MODULES = YES;
				CLANG_ENABLE_OBJC_ARC = YES;
				CLANG_ENABLE_OBJC_WEAK = YES;
				CLANG_WARN_BLOCK_CAPTURE_AUTORELEASING = YES;
				CLANG_WARN_BOOL_CONVERSION = YES;
				CLANG_WARN_COMMA = YES;
				CLANG_WARN_CONSTANT_CONVERSION = YES;
				CLANG_WARN_DEPRECATED_OBJC_IMPLEMENTATIONS = YES;
				CLANG_WARN_DIRECT_OBJC_ISA_USAGE = YES_ERROR;
				CLANG_WARN_DOCUMENTATION_COMMENTS = YES;
				CLANG_WARN_EMPTY_BODY = YES;
				CLANG_WARN_ENUM_CONVERSION = YES;
				CLANG_WARN_INFINITE_RECURSION = YES;
				CLANG_WARN_INT_CONVERSION = YES;
				CLANG_WARN_NON_LITERAL_NULL_CONVERSION = YES;
				CLANG_WARN_OBJC_IMPLICIT_RETAIN_SELF = YES;
				CLANG_WARN_OBJC_LITERAL_CONVERSION = YES;
				CLANG_WARN_OBJC_ROOT_CLASS = YES_ERROR;
				CLANG_WARN_QUOTED_INCLUDE_IN_FRAMEWORK_HEADER = YES;
				CLANG_WARN_RANGE_LOOP_ANALYSIS = YES;
				CLANG_WARN_STRICT_PROTOTYPES = YES;
				CLANG_WARN_SUSPICIOUS_MOVE = YES;
				CLANG_WARN_UNGUARDED_AVAILABILITY = YES_AGGRESSIVE;
				CLANG_WARN_UNREACHABLE_CODE = YES;
				CLANG_WARN__DUPLICATE_METHOD_MATCH = YES;
				COPY_PHASE_STRIP = NO;
				DEBUG_INFORMATION_FORMAT = dwarf;
				ENABLE_STRICT_OBJC_MSGSEND = YES;
				ENABLE_TESTABILITY = YES;
				GCC_C_LANGUAGE_STANDARD = gnu11;
				GCC_DYNAMIC_NO_PIC = NO;
				GCC_NO_COMMON_BLOCKS = YES;
				GCC_OPTIMIZATION_LEVEL = 0;
				GCC_PREPROCESSOR_DEFINITIONS = (
					"DEBUG=1",
					"$(inherited)",
				);
				GCC_WARN_64_TO_32_BIT_CONVERSION = YES;
				GCC_WARN_ABOUT_RETURN_TYPE = YES_ERROR;
				GCC_WARN_UNDECLARED_SELECTOR = YES;
				GCC_WARN_UNINITIALIZED_AUTOS = YES_AGGRESSIVE;
				GCC_WARN_UNUSED_FUNCTION = YES;
				GCC_WARN_UNUSED_VARIABLE = YES;
				MTL_ENABLE_DEBUG_INFO = INCLUDE_SOURCE;
				MTL_FAST_MATH = YES;
				ONLY_ACTIVE_ARCH = YES;
				SWIFT_ACTIVE_COMPILATION_CONDITIONS = DEBUG;
				SWIFT_OPTIMIZATION_LEVEL = "-Onone";
			};
			name = Debug;
		};
		6CC6FB742A7B5F11002AAD5A /* Release */ = {
			isa = XCBuildConfiguration;
			buildSettings = {
				ALWAYS_SEARCH_USER_PATHS = NO;
				CLANG_ANALYZER_NONNULL = YES;
				CLANG_ANALYZER_NUMBER_OBJECT_CONVERSION = YES_AGGRESSIVE;
				CLANG_CXX_LANGUAGE_STANDARD = "gnu++20";
				CLANG_ENABLE_MODULES = YES;
				CLANG_ENABLE_OBJC_ARC = YES;
				CLANG_ENABLE_OBJC_WEAK = YES;
				CLANG_WARN_BLOCK_CAPTURE_AUTORELEASING = YES;
				CLANG_WARN_BOOL_CONVERSION = YES;
				CLANG_WARN_COMMA = YES;
				CLANG_WARN_CONSTANT_CONVERSION = YES;
				CLANG_WARN_DEPRECATED_OBJC_IMPLEMENTATIONS = YES;
				CLANG_WARN_DIRECT_OBJC_ISA_USAGE = YES_ERROR;
				CLANG_WARN_DOCUMENTATION_COMMENTS = YES;
				CLANG_WARN_EMPTY_BODY = YES;
				CLANG_WARN_ENUM_CONVERSION = YES;
				CLANG_WARN_INFINITE_RECURSION = YES;
				CLANG_WARN_INT_CONVERSION = YES;
				CLANG_WARN_NON_LITERAL_NULL_CONVERSION = YES;
				CLANG_WARN_OBJC_IMPLICIT_RETAIN_SELF = YES;
				CLANG_WARN_OBJC_LITERAL_CONVERSION = YES;
				CLANG_WARN_OBJC_ROOT_CLASS = YES_ERROR;
				CLANG_WARN_QUOTED_INCLUDE_IN_FRAMEWORK_HEADER = YES;
				CLANG_WARN_RANGE_LOOP_ANALYSIS = YES;
				CLANG_WARN_STRICT_PROTOTYPES = YES;
				CLANG_WARN_SUSPICIOUS_MOVE = YES;
				CLANG_WARN_UNGUARDED_AVAILABILITY = YES_AGGRESSIVE;
				CLANG_WARN_UNREACHABLE_CODE = YES;
				CLANG_WARN__DUPLICATE_METHOD_MATCH = YES;
				COPY_PHASE_STRIP = NO;
				DEBUG_INFORMATION_FORMAT = "dwarf-with-dsym";
				ENABLE_NS_ASSERTIONS = NO;
				ENABLE_STRICT_OBJC_MSGSEND = YES;
				GCC_C_LANGUAGE_STANDARD = gnu11;
				GCC_NO_COMMON_BLOCKS = YES;
				GCC_WARN_64_TO_32_BIT_CONVERSION = YES;
				GCC_WARN_ABOUT_RETURN_TYPE = YES_ERROR;
				GCC_WARN_UNDECLARED_SELECTOR = YES;
				GCC_WARN_UNINITIALIZED_AUTOS = YES_AGGRESSIVE;
				GCC_WARN_UNUSED_FUNCTION = YES;
				GCC_WARN_UNUSED_VARIABLE = YES;
				MTL_ENABLE_DEBUG_INFO = NO;
				MTL_FAST_MATH = YES;
				SWIFT_COMPILATION_MODE = wholemodule;
				SWIFT_OPTIMIZATION_LEVEL = "-O";
			};
			name = Release;
		};
		6CC6FB762A7B5F11002AAD5A /* Debug */ = {
			isa = XCBuildConfiguration;
			buildSettings = {
				ASSETCATALOG_COMPILER_APPICON_NAME = AppIcon;
				ASSETCATALOG_COMPILER_GLOBAL_ACCENT_COLOR_NAME = AccentColor;
				CODE_SIGN_ENTITLEMENTS = "Remeber me/Remeber_me.entitlements";
				CODE_SIGN_STYLE = Automatic;
				CURRENT_PROJECT_VERSION = 1;
				DEVELOPMENT_ASSET_PATHS = "\"Remeber me/Preview Content\"";
				DEVELOPMENT_TEAM = 3L8AFW7AU5;
				ENABLE_HARDENED_RUNTIME = YES;
				ENABLE_PREVIEWS = YES;
				GENERATE_INFOPLIST_FILE = YES;
				INFOPLIST_KEY_CFBundleDisplayName = "Remember Me";
				INFOPLIST_KEY_LSApplicationCategoryType = "public.app-category.puzzle-games";
				"INFOPLIST_KEY_UIApplicationSceneManifest_Generation[sdk=iphoneos*]" = YES;
				"INFOPLIST_KEY_UIApplicationSceneManifest_Generation[sdk=iphonesimulator*]" = YES;
				"INFOPLIST_KEY_UIApplicationSupportsIndirectInputEvents[sdk=iphoneos*]" = YES;
				"INFOPLIST_KEY_UIApplicationSupportsIndirectInputEvents[sdk=iphonesimulator*]" = YES;
				"INFOPLIST_KEY_UILaunchScreen_Generation[sdk=iphoneos*]" = YES;
				"INFOPLIST_KEY_UILaunchScreen_Generation[sdk=iphonesimulator*]" = YES;
				"INFOPLIST_KEY_UIStatusBarStyle[sdk=iphoneos*]" = UIStatusBarStyleDefault;
				"INFOPLIST_KEY_UIStatusBarStyle[sdk=iphonesimulator*]" = UIStatusBarStyleDefault;
				INFOPLIST_KEY_UISupportedInterfaceOrientations = "UIInterfaceOrientationLandscapeLeft UIInterfaceOrientationLandscapeRight UIInterfaceOrientationPortrait";
				INFOPLIST_KEY_UISupportedInterfaceOrientations_iPad = "UIInterfaceOrientationPortrait UIInterfaceOrientationPortraitUpsideDown";
				IPHONEOS_DEPLOYMENT_TARGET = 16.4;
				LD_RUNPATH_SEARCH_PATHS = "@executable_path/Frameworks";
				"LD_RUNPATH_SEARCH_PATHS[sdk=macosx*]" = "@executable_path/../Frameworks";
				MACOSX_DEPLOYMENT_TARGET = 13.3;
				MARKETING_VERSION = 1.0;
				PRODUCT_BUNDLE_IDENTIFIER = "gz.Remeber-me";
				PRODUCT_NAME = "$(TARGET_NAME)";
				SDKROOT = auto;
				SUPPORTED_PLATFORMS = "iphoneos iphonesimulator";
				SUPPORTS_MACCATALYST = NO;
				SUPPORTS_MAC_DESIGNED_FOR_IPHONE_IPAD = NO;
				SWIFT_EMIT_LOC_STRINGS = YES;
				SWIFT_VERSION = 5.0;
				TARGETED_DEVICE_FAMILY = 2;
			};
			name = Debug;
		};
		6CC6FB772A7B5F11002AAD5A /* Release */ = {
			isa = XCBuildConfiguration;
			buildSettings = {
				ASSETCATALOG_COMPILER_APPICON_NAME = AppIcon;
				ASSETCATALOG_COMPILER_GLOBAL_ACCENT_COLOR_NAME = AccentColor;
				CODE_SIGN_ENTITLEMENTS = "Remeber me/Remeber_me.entitlements";
				CODE_SIGN_STYLE = Automatic;
				CURRENT_PROJECT_VERSION = 1;
				DEVELOPMENT_ASSET_PATHS = "\"Remeber me/Preview Content\"";
				DEVELOPMENT_TEAM = 3L8AFW7AU5;
				ENABLE_HARDENED_RUNTIME = YES;
				ENABLE_PREVIEWS = YES;
				GENERATE_INFOPLIST_FILE = YES;
				INFOPLIST_KEY_CFBundleDisplayName = "Remember Me";
				INFOPLIST_KEY_LSApplicationCategoryType = "public.app-category.puzzle-games";
				"INFOPLIST_KEY_UIApplicationSceneManifest_Generation[sdk=iphoneos*]" = YES;
				"INFOPLIST_KEY_UIApplicationSceneManifest_Generation[sdk=iphonesimulator*]" = YES;
				"INFOPLIST_KEY_UIApplicationSupportsIndirectInputEvents[sdk=iphoneos*]" = YES;
				"INFOPLIST_KEY_UIApplicationSupportsIndirectInputEvents[sdk=iphonesimulator*]" = YES;
				"INFOPLIST_KEY_UILaunchScreen_Generation[sdk=iphoneos*]" = YES;
				"INFOPLIST_KEY_UILaunchScreen_Generation[sdk=iphonesimulator*]" = YES;
				"INFOPLIST_KEY_UIStatusBarStyle[sdk=iphoneos*]" = UIStatusBarStyleDefault;
				"INFOPLIST_KEY_UIStatusBarStyle[sdk=iphonesimulator*]" = UIStatusBarStyleDefault;
				INFOPLIST_KEY_UISupportedInterfaceOrientations = "UIInterfaceOrientationLandscapeLeft UIInterfaceOrientationLandscapeRight UIInterfaceOrientationPortrait";
				INFOPLIST_KEY_UISupportedInterfaceOrientations_iPad = "UIInterfaceOrientationPortrait UIInterfaceOrientationPortraitUpsideDown";
				IPHONEOS_DEPLOYMENT_TARGET = 16.4;
				LD_RUNPATH_SEARCH_PATHS = "@executable_path/Frameworks";
				"LD_RUNPATH_SEARCH_PATHS[sdk=macosx*]" = "@executable_path/../Frameworks";
				MACOSX_DEPLOYMENT_TARGET = 13.3;
				MARKETING_VERSION = 1.0;
				PRODUCT_BUNDLE_IDENTIFIER = "gz.Remeber-me";
				PRODUCT_NAME = "$(TARGET_NAME)";
				SDKROOT = auto;
				SUPPORTED_PLATFORMS = "iphoneos iphonesimulator";
				SUPPORTS_MACCATALYST = NO;
				SUPPORTS_MAC_DESIGNED_FOR_IPHONE_IPAD = NO;
				SWIFT_EMIT_LOC_STRINGS = YES;
				SWIFT_VERSION = 5.0;
				TARGETED_DEVICE_FAMILY = 2;
			};
			name = Release;
		};
/* End XCBuildConfiguration section */

/* Begin XCConfigurationList section */
		6CC6FB612A7B5F10002AAD5A /* Build configuration list for PBXProject "Remeber me" */ = {
			isa = XCConfigurationList;
			buildConfigurations = (
				6CC6FB732A7B5F11002AAD5A /* Debug */,
				6CC6FB742A7B5F11002AAD5A /* Release */,
			);
			defaultConfigurationIsVisible = 0;
			defaultConfigurationName = Release;
		};
		6CC6FB752A7B5F11002AAD5A /* Build configuration list for PBXNativeTarget "Remeber me" */ = {
			isa = XCConfigurationList;
			buildConfigurations = (
				6CC6FB762A7B5F11002AAD5A /* Debug */,
				6CC6FB772A7B5F11002AAD5A /* Release */,
			);
			defaultConfigurationIsVisible = 0;
			defaultConfigurationName = Release;
		};
/* End XCConfigurationList section */
	};
	rootObject = 6CC6FB5E2A7B5F10002AAD5A /* Project object */;
}
